dependencies:
- name: postgresql
  repository: https://charts.bitnami.com/bitnami
  version: 10.6.1
- name: kanban-app
  repository: file://../kanban-app
  version: 0.1.1
- name: kanban-ui
  repository: file://../kanban-ui
  version: 0.1.0
digest: sha256:9d08042f28fac6b9b1afa0ba7b412a718ea656b8c7ba305e23be69d114f3a9dc
generated: "2021-07-20T16:15:58.867774172-04:00"
